
Microsoft Visual Studio Solution File, Format Version 12.00
# Visual Studio Version 16
VisualStudioVersion = 16.0.31105.61
MinimumVisualStudioVersion = 10.0.40219.1
Project("{9A19103F-16F7-4668-BE54-9A1E7A4F7556}") = "Vozilo", "Vozilo\Vozilo.csproj", "{9B799E84-00BA-47A7-81A7-240A5B9C8E46}"
EndProject
Project("{9A19103F-16F7-4668-BE54-9A1E7A4F7556}") = "VoziloTests", "VoziloTests\VoziloTests.csproj", "{57E8655C-C207-4018-9FAD-92AD8588E084}"
EndProject
Project("{9A19103F-16F7-4668-BE54-9A1E7A4F7556}") = "Kosarica", "Kosarica\Kosarica.csproj", "{F6016A6E-3ADC-4461-8507-8699479FDC7E}"
EndProject
Project("{9A19103F-16F7-4668-BE54-9A1E7A4F7556}") = "Registracija", "Registracija\Registracija.csproj", "{8D6335D7-07E9-4AD8-BF13-68FACBC36988}"
EndProject
Project("{9A19103F-16F7-4668-BE54-9A1E7A4F7556}") = "RegistracijaTests", "RegistracijaTests\RegistracijaTests.csproj", "{B58906F5-AE3B-4080-880D-E2D84AC97B2A}"
EndProject
Project("{9A19103F-16F7-4668-BE54-9A1E7A4F7556}") = "Racun", "Racun\Racun.csproj", "{AAC92667-F19C-45CB-A947-60506E550061}"
EndProject
Project("{9A19103F-16F7-4668-BE54-9A1E7A4F7556}") = "RacunTests", "RacunTests\RacunTests.csproj", "{5B1C1680-2E1A-4D6F-90B8-389D2B9B2C22}"
EndProject
Project("{FAE04EC0-301F-11D3-BF4B-00C04F79EFBC}") = "Webclient_Tit", "Webclient_Tit\Webclient_Tit.csproj", "{69589AE0-ED4C-4BD7-A417-1A979573EB01}"
EndProject
Project("{FAE04EC0-301F-11D3-BF4B-00C04F79EFBC}") = "Bitmap_Aljaz", "Bitmap_Aljaz\Bitmap_Aljaz.csproj", "{AB9E885B-4E09-4147-A683-D9567B1837C1}"
EndProject
Project("{FAE04EC0-301F-11D3-BF4B-00C04F79EFBC}") = "Kolo", "Kolo\Kolo.csproj", "{392D6BBD-EC2B-4ECB-B0DF-28578E023607}"
EndProject
Project("{FAE04EC0-301F-11D3-BF4B-00C04F79EFBC}") = "GoTo_Switch_Anze", "GoTo_Switch_Anze\GoTo_Switch_Anze.csproj", "{7BE8E5FA-C1C1-4C40-BE92-DE494D548E7B}"
EndProject
Global
	GlobalSection(SolutionConfigurationPlatforms) = preSolution
		Debug|Any CPU = Debug|Any CPU
		Release|Any CPU = Release|Any CPU
	EndGlobalSection
	GlobalSection(ProjectConfigurationPlatforms) = postSolution
		{9B799E84-00BA-47A7-81A7-240A5B9C8E46}.Debug|Any CPU.ActiveCfg = Debug|Any CPU
		{9B799E84-00BA-47A7-81A7-240A5B9C8E46}.Debug|Any CPU.Build.0 = Debug|Any CPU
		{9B799E84-00BA-47A7-81A7-240A5B9C8E46}.Release|Any CPU.ActiveCfg = Release|Any CPU
		{9B799E84-00BA-47A7-81A7-240A5B9C8E46}.Release|Any CPU.Build.0 = Release|Any CPU
		{57E8655C-C207-4018-9FAD-92AD8588E084}.Debug|Any CPU.ActiveCfg = Debug|Any CPU
		{57E8655C-C207-4018-9FAD-92AD8588E084}.Debug|Any CPU.Build.0 = Debug|Any CPU
		{57E8655C-C207-4018-9FAD-92AD8588E084}.Release|Any CPU.ActiveCfg = Release|Any CPU
		{57E8655C-C207-4018-9FAD-92AD8588E084}.Release|Any CPU.Build.0 = Release|Any CPU
		{F6016A6E-3ADC-4461-8507-8699479FDC7E}.Debug|Any CPU.ActiveCfg = Debug|Any CPU
		{F6016A6E-3ADC-4461-8507-8699479FDC7E}.Debug|Any CPU.Build.0 = Debug|Any CPU
		{F6016A6E-3ADC-4461-8507-8699479FDC7E}.Release|Any CPU.ActiveCfg = Release|Any CPU
		{F6016A6E-3ADC-4461-8507-8699479FDC7E}.Release|Any CPU.Build.0 = Release|Any CPU
		{8D6335D7-07E9-4AD8-BF13-68FACBC36988}.Debug|Any CPU.ActiveCfg = Debug|Any CPU
		{8D6335D7-07E9-4AD8-BF13-68FACBC36988}.Debug|Any CPU.Build.0 = Debug|Any CPU
		{8D6335D7-07E9-4AD8-BF13-68FACBC36988}.Release|Any CPU.ActiveCfg = Release|Any CPU
		{8D6335D7-07E9-4AD8-BF13-68FACBC36988}.Release|Any CPU.Build.0 = Release|Any CPU
		{B58906F5-AE3B-4080-880D-E2D84AC97B2A}.Debug|Any CPU.ActiveCfg = Debug|Any CPU
		{B58906F5-AE3B-4080-880D-E2D84AC97B2A}.Debug|Any CPU.Build.0 = Debug|Any CPU
		{B58906F5-AE3B-4080-880D-E2D84AC97B2A}.Release|Any CPU.ActiveCfg = Release|Any CPU
		{B58906F5-AE3B-4080-880D-E2D84AC97B2A}.Release|Any CPU.Build.0 = Release|Any CPU
		{AAC92667-F19C-45CB-A947-60506E550061}.Debug|Any CPU.ActiveCfg = Debug|Any CPU
		{AAC92667-F19C-45CB-A947-60506E550061}.Debug|Any CPU.Build.0 = Debug|Any CPU
		{AAC92667-F19C-45CB-A947-60506E550061}.Release|Any CPU.ActiveCfg = Release|Any CPU
		{AAC92667-F19C-45CB-A947-60506E550061}.Release|Any CPU.Build.0 = Release|Any CPU
		{5B1C1680-2E1A-4D6F-90B8-389D2B9B2C22}.Debug|Any CPU.ActiveCfg = Debug|Any CPU
		{5B1C1680-2E1A-4D6F-90B8-389D2B9B2C22}.Debug|Any CPU.Build.0 = Debug|Any CPU
		{5B1C1680-2E1A-4D6F-90B8-389D2B9B2C22}.Release|Any CPU.ActiveCfg = Release|Any CPU
		{5B1C1680-2E1A-4D6F-90B8-389D2B9B2C22}.Release|Any CPU.Build.0 = Release|Any CPU
		{69589AE0-ED4C-4BD7-A417-1A979573EB01}.Debug|Any CPU.ActiveCfg = Debug|Any CPU
		{69589AE0-ED4C-4BD7-A417-1A979573EB01}.Debug|Any CPU.Build.0 = Debug|Any CPU
		{69589AE0-ED4C-4BD7-A417-1A979573EB01}.Release|Any CPU.ActiveCfg = Release|Any CPU
		{69589AE0-ED4C-4BD7-A417-1A979573EB01}.Release|Any CPU.Build.0 = Release|Any CPU
		{AB9E885B-4E09-4147-A683-D9567B1837C1}.Debug|Any CPU.ActiveCfg = Debug|Any CPU
		{AB9E885B-4E09-4147-A683-D9567B1837C1}.Debug|Any CPU.Build.0 = Debug|Any CPU
		{AB9E885B-4E09-4147-A683-D9567B1837C1}.Release|Any CPU.ActiveCfg = Release|Any CPU
		{AB9E885B-4E09-4147-A683-D9567B1837C1}.Release|Any CPU.Build.0 = Release|Any CPU
		{392D6BBD-EC2B-4ECB-B0DF-28578E023607}.Debug|Any CPU.ActiveCfg = Debug|Any CPU
		{392D6BBD-EC2B-4ECB-B0DF-28578E023607}.Debug|Any CPU.Build.0 = Debug|Any CPU
		{392D6BBD-EC2B-4ECB-B0DF-28578E023607}.Release|Any CPU.ActiveCfg = Release|Any CPU
		{392D6BBD-EC2B-4ECB-B0DF-28578E023607}.Release|Any CPU.Build.0 = Release|Any CPU
		{7BE8E5FA-C1C1-4C40-BE92-DE494D548E7B}.Debug|Any CPU.ActiveCfg = Debug|Any CPU
		{7BE8E5FA-C1C1-4C40-BE92-DE494D548E7B}.Debug|Any CPU.Build.0 = Debug|Any CPU
		{7BE8E5FA-C1C1-4C40-BE92-DE494D548E7B}.Release|Any CPU.ActiveCfg = Release|Any CPU
		{7BE8E5FA-C1C1-4C40-BE92-DE494D548E7B}.Release|Any CPU.Build.0 = Release|Any CPU
	EndGlobalSection
	GlobalSection(SolutionProperties) = preSolution
		HideSolutionNode = FALSE
	EndGlobalSection
	GlobalSection(ExtensibilityGlobals) = postSolution
		SolutionGuid = {7FE44DE0-C20A-4E07-8B76-99AD041828D1}
	EndGlobalSection
EndGlobal
