
Microsoft Visual Studio Solution File, Format Version 12.00
# Visual Studio Version 16
VisualStudioVersion = 16.0.32228.343
MinimumVisualStudioVersion = 10.0.40219.1
Project("{FAE04EC0-301F-11D3-BF4B-00C04F79EFBC}") = "BrezPovezave", "BrezPovezave\BrezPovezave.csproj", "{8999ECF0-1174-471F-A1CF-C7A9B422AFB3}"
EndProject
Global
	GlobalSection(SolutionConfigurationPlatforms) = preSolution
		Debug|Any CPU = Debug|Any CPU
		Release|Any CPU = Release|Any CPU
	EndGlobalSection
	GlobalSection(ProjectConfigurationPlatforms) = postSolution
		{8999ECF0-1174-471F-A1CF-C7A9B422AFB3}.Debug|Any CPU.ActiveCfg = Debug|Any CPU
		{8999ECF0-1174-471F-A1CF-C7A9B422AFB3}.Debug|Any CPU.Build.0 = Debug|Any CPU
		{8999ECF0-1174-471F-A1CF-C7A9B422AFB3}.Release|Any CPU.ActiveCfg = Release|Any CPU
		{8999ECF0-1174-471F-A1CF-C7A9B422AFB3}.Release|Any CPU.Build.0 = Release|Any CPU
	EndGlobalSection
	GlobalSection(SolutionProperties) = preSolution
		HideSolutionNode = FALSE
	EndGlobalSection
	GlobalSection(ExtensibilityGlobals) = postSolution
		SolutionGuid = {D39E313B-BB84-475C-99BD-ABD989A28344}
	EndGlobalSection
EndGlobal
