
Microsoft Visual Studio Solution File, Format Version 12.00
# Visual Studio Version 16
VisualStudioVersion = 16.0.32126.315
MinimumVisualStudioVersion = 10.0.40219.1
Project("{FAE04EC0-301F-11D3-BF4B-00C04F79EFBC}") = "UstvariUlovi", "Izjeme\UstvariUlovi.csproj", "{323F48FB-6927-4F85-A2CA-A15D3ED2BA38}"
EndProject
Project("{FAE04EC0-301F-11D3-BF4B-00C04F79EFBC}") = "NajSeIzvede", "NajSeIzvede\NajSeIzvede.csproj", "{FF47AA41-04E5-42A9-AB44-09B5A3742D37}"
EndProject
Global
	GlobalSection(SolutionConfigurationPlatforms) = preSolution
		Debug|Any CPU = Debug|Any CPU
		Release|Any CPU = Release|Any CPU
	EndGlobalSection
	GlobalSection(ProjectConfigurationPlatforms) = postSolution
		{323F48FB-6927-4F85-A2CA-A15D3ED2BA38}.Debug|Any CPU.ActiveCfg = Debug|Any CPU
		{323F48FB-6927-4F85-A2CA-A15D3ED2BA38}.Debug|Any CPU.Build.0 = Debug|Any CPU
		{323F48FB-6927-4F85-A2CA-A15D3ED2BA38}.Release|Any CPU.ActiveCfg = Release|Any CPU
		{323F48FB-6927-4F85-A2CA-A15D3ED2BA38}.Release|Any CPU.Build.0 = Release|Any CPU
		{FF47AA41-04E5-42A9-AB44-09B5A3742D37}.Debug|Any CPU.ActiveCfg = Debug|Any CPU
		{FF47AA41-04E5-42A9-AB44-09B5A3742D37}.Debug|Any CPU.Build.0 = Debug|Any CPU
		{FF47AA41-04E5-42A9-AB44-09B5A3742D37}.Release|Any CPU.ActiveCfg = Release|Any CPU
		{FF47AA41-04E5-42A9-AB44-09B5A3742D37}.Release|Any CPU.Build.0 = Release|Any CPU
	EndGlobalSection
	GlobalSection(SolutionProperties) = preSolution
		HideSolutionNode = FALSE
	EndGlobalSection
	GlobalSection(ExtensibilityGlobals) = postSolution
		SolutionGuid = {0064F730-993B-48D7-8598-AC928D52FA83}
	EndGlobalSection
EndGlobal
